dependencies:
- name: jaeger-operator
  repository: https://jaegertracing.github.io/helm-charts
  version: 2.46.1
- name: jaeger
  repository: https://jaegertracing.github.io/helm-charts
  version: 0.71.11
- name: opentelemetry-collector
  repository: https://open-telemetry.github.io/opentelemetry-helm-charts
  version: 0.62.2
- name: odigos
  repository: https://keyval-dev.github.io/odigos-charts
  version: 0.2.39
digest: sha256:af8a28af041d8c824e7e87514a7fd66ab2f4844eefd6424770b413c756b43698
generated: "2023-09-12T18:32:10.894326+02:00"
